<Solution>
  <Project Path="HabityFit.BLL.Tests/HabityFit.BLL.Tests.csproj" />
  <Project Path="HabityFit.BLL/HabityFit.BLL.csproj" />
  <Project Path="HabityFit.DAL/HabityFit.DAL.csproj" />
  <Project Path="HabityFit.API.Tests/HabityFit.API.Tests.csproj" />
  <Project Path="HabityFit.API/HabityFit.API.csproj" />
</Solution>
