<Solution>
  <Project Path="SetPoint.BLL.Tests/SetPoint.BLL.Tests.csproj" />
  <Project Path="SetPoint.BLL/SetPoint.BLL.csproj" />
  <Project Path="SetPoint.DAL/SetPoint.DAL.csproj" />
  <Project Path="SetPoint.API.Tests/SetPoint.API.Tests.csproj" />
  <Project Path="SetPoint.API/SetPoint.API.csproj" />
</Solution>
